
Microsoft Visual Studio Solution File, Format Version 12.00
# Visual Studio Version 17
VisualStudioVersion = 17.9.34723.18
MinimumVisualStudioVersion = 10.0.40219.1
Project("{FAE04EC0-301F-11D3-BF4B-00C04F79EFBC}") = "WindowsFormsApp1", "WindowsFormsApp1\WindowsFormsApp1.csproj", "{AD7553E2-FE1C-4F04-A331-6673609EFFB5}"
EndProject
Global
	GlobalSection(SolutionConfigurationPlatforms) = preSolution
		Debug|Any CPU = Debug|Any CPU
		Release|Any CPU = Release|Any CPU
	EndGlobalSection
	GlobalSection(ProjectConfigurationPlatforms) = postSolution
		{AD7553E2-FE1C-4F04-A331-6673609EFFB5}.Debug|Any CPU.ActiveCfg = Debug|Any CPU
		{AD7553E2-FE1C-4F04-A331-6673609EFFB5}.Debug|Any CPU.Build.0 = Debug|Any CPU
		{AD7553E2-FE1C-4F04-A331-6673609EFFB5}.Release|Any CPU.ActiveCfg = Release|Any CPU
		{AD7553E2-FE1C-4F04-A331-6673609EFFB5}.Release|Any CPU.Build.0 = Release|Any CPU
	EndGlobalSection
	GlobalSection(SolutionProperties) = preSolution
		HideSolutionNode = FALSE
	EndGlobalSection
	GlobalSection(ExtensibilityGlobals) = postSolution
		SolutionGuid = {85DAECAF-D65B-420A-A051-7BDAF3860090}
	EndGlobalSection
EndGlobal
